
Microsoft Visual Studio Solution File, Format Version 12.00
# Visual Studio Version 17
VisualStudioVersion = 17.8.34330.188
MinimumVisualStudioVersion = 10.0.40219.1
Project("{9A19103F-16F7-4668-BE54-9A1E7A4F7556}") = "Business", "Business\Business.csproj", "{6F54FE8C-CBBC-46B4-8324-516722A0D265}"
EndProject
Project("{9A19103F-16F7-4668-BE54-9A1E7A4F7556}") = "Console", "Console\Console.csproj", "{F4B9B291-37CE-4604-AFB0-C0FE326BD875}"
EndProject
Global
	GlobalSection(SolutionConfigurationPlatforms) = preSolution
		Debug|Any CPU = Debug|Any CPU
		Release|Any CPU = Release|Any CPU
	EndGlobalSection
	GlobalSection(ProjectConfigurationPlatforms) = postSolution
		{6F54FE8C-CBBC-46B4-8324-516722A0D265}.Debug|Any CPU.ActiveCfg = Debug|Any CPU
		{6F54FE8C-CBBC-46B4-8324-516722A0D265}.Debug|Any CPU.Build.0 = Debug|Any CPU
		{6F54FE8C-CBBC-46B4-8324-516722A0D265}.Release|Any CPU.ActiveCfg = Release|Any CPU
		{6F54FE8C-CBBC-46B4-8324-516722A0D265}.Release|Any CPU.Build.0 = Release|Any CPU
		{F4B9B291-37CE-4604-AFB0-C0FE326BD875}.Debug|Any CPU.ActiveCfg = Debug|Any CPU
		{F4B9B291-37CE-4604-AFB0-C0FE326BD875}.Debug|Any CPU.Build.0 = Debug|Any CPU
		{F4B9B291-37CE-4604-AFB0-C0FE326BD875}.Release|Any CPU.ActiveCfg = Release|Any CPU
		{F4B9B291-37CE-4604-AFB0-C0FE326BD875}.Release|Any CPU.Build.0 = Release|Any CPU
	EndGlobalSection
	GlobalSection(SolutionProperties) = preSolution
		HideSolutionNode = FALSE
	EndGlobalSection
	GlobalSection(ExtensibilityGlobals) = postSolution
		SolutionGuid = {22CDBE1D-5DB5-41FB-ADA7-ECB5A0AA7786}
	EndGlobalSection
EndGlobal
